
Microsoft Visual Studio Solution File, Format Version 12.00
# Visual Studio Version 17
VisualStudioVersion = 17.5.33424.131
MinimumVisualStudioVersion = 10.0.40219.1
Project("{FAE04EC0-301F-11D3-BF4B-00C04F79EFBC}") = "Aplicatie_de_Gestiune_a_Unui_Magazin_de_Biciclete", "Aplicatie_de_Gestiune_a_Unui_Magazin_de_Biciclete.csproj", "{6CCA581A-8675-48FC-AC86-47E1AF74AA68}"
EndProject
Global
	GlobalSection(SolutionConfigurationPlatforms) = preSolution
		Debug|Any CPU = Debug|Any CPU
		Release|Any CPU = Release|Any CPU
	EndGlobalSection
	GlobalSection(ProjectConfigurationPlatforms) = postSolution
		{6CCA581A-8675-48FC-AC86-47E1AF74AA68}.Debug|Any CPU.ActiveCfg = Debug|Any CPU
		{6CCA581A-8675-48FC-AC86-47E1AF74AA68}.Debug|Any CPU.Build.0 = Debug|Any CPU
		{6CCA581A-8675-48FC-AC86-47E1AF74AA68}.Release|Any CPU.ActiveCfg = Release|Any CPU
		{6CCA581A-8675-48FC-AC86-47E1AF74AA68}.Release|Any CPU.Build.0 = Release|Any CPU
	EndGlobalSection
	GlobalSection(SolutionProperties) = preSolution
		HideSolutionNode = FALSE
	EndGlobalSection
	GlobalSection(ExtensibilityGlobals) = postSolution
		SolutionGuid = {CFEA855E-8F55-4813-B673-E8733840C318}
	EndGlobalSection
EndGlobal
